
Microsoft Visual Studio Solution File, Format Version 12.00
# Visual Studio Version 17
VisualStudioVersion = 17.3.32922.545
MinimumVisualStudioVersion = 10.0.40219.1
Project("{FAE04EC0-301F-11D3-BF4B-00C04F79EFBC}") = "MVCLearningWeb", "MVCLearningWeb\MVCLearningWeb.csproj", "{8B78DCF3-4142-4265-8825-31910156D779}"
EndProject
Global
	GlobalSection(SolutionConfigurationPlatforms) = preSolution
		Debug|Any CPU = Debug|Any CPU
		Release|Any CPU = Release|Any CPU
	EndGlobalSection
	GlobalSection(ProjectConfigurationPlatforms) = postSolution
		{8B78DCF3-4142-4265-8825-31910156D779}.Debug|Any CPU.ActiveCfg = Debug|Any CPU
		{8B78DCF3-4142-4265-8825-31910156D779}.Debug|Any CPU.Build.0 = Debug|Any CPU
		{8B78DCF3-4142-4265-8825-31910156D779}.Release|Any CPU.ActiveCfg = Release|Any CPU
		{8B78DCF3-4142-4265-8825-31910156D779}.Release|Any CPU.Build.0 = Release|Any CPU
	EndGlobalSection
	GlobalSection(SolutionProperties) = preSolution
		HideSolutionNode = FALSE
	EndGlobalSection
	GlobalSection(ExtensibilityGlobals) = postSolution
		SolutionGuid = {0881653C-01B1-40E6-A453-20A39C716081}
	EndGlobalSection
EndGlobal
